
Microsoft Visual Studio Solution File, Format Version 12.00
# Visual Studio Version 16
VisualStudioVersion = 16.0.31205.134
MinimumVisualStudioVersion = 10.0.40219.1
Project("{FAE04EC0-301F-11D3-BF4B-00C04F79EFBC}") = "ForumView", "ForumView\ForumView.csproj", "{E1DF165D-79D3-48C3-8A59-D732EFE2BB10}"
EndProject
Project("{FAE04EC0-301F-11D3-BF4B-00C04F79EFBC}") = "ForumBusinessLogic", "ForumBusinessLogic\ForumBusinessLogic.csproj", "{DDC4CF40-5CA2-4522-85C4-D1781D294AEC}"
EndProject
Project("{FAE04EC0-301F-11D3-BF4B-00C04F79EFBC}") = "ForumDatabaseImplement", "ForumDatabaseImplement\ForumDatabaseImplement.csproj", "{82E933CF-E030-4E77-A813-4C8744704C19}"
EndProject
Global
	GlobalSection(SolutionConfigurationPlatforms) = preSolution
		Debug|Any CPU = Debug|Any CPU
		Release|Any CPU = Release|Any CPU
	EndGlobalSection
	GlobalSection(ProjectConfigurationPlatforms) = postSolution
		{E1DF165D-79D3-48C3-8A59-D732EFE2BB10}.Debug|Any CPU.ActiveCfg = Debug|Any CPU
		{E1DF165D-79D3-48C3-8A59-D732EFE2BB10}.Debug|Any CPU.Build.0 = Debug|Any CPU
		{E1DF165D-79D3-48C3-8A59-D732EFE2BB10}.Release|Any CPU.ActiveCfg = Release|Any CPU
		{E1DF165D-79D3-48C3-8A59-D732EFE2BB10}.Release|Any CPU.Build.0 = Release|Any CPU
		{DDC4CF40-5CA2-4522-85C4-D1781D294AEC}.Debug|Any CPU.ActiveCfg = Debug|Any CPU
		{DDC4CF40-5CA2-4522-85C4-D1781D294AEC}.Debug|Any CPU.Build.0 = Debug|Any CPU
		{DDC4CF40-5CA2-4522-85C4-D1781D294AEC}.Release|Any CPU.ActiveCfg = Release|Any CPU
		{DDC4CF40-5CA2-4522-85C4-D1781D294AEC}.Release|Any CPU.Build.0 = Release|Any CPU
		{82E933CF-E030-4E77-A813-4C8744704C19}.Debug|Any CPU.ActiveCfg = Debug|Any CPU
		{82E933CF-E030-4E77-A813-4C8744704C19}.Debug|Any CPU.Build.0 = Debug|Any CPU
		{82E933CF-E030-4E77-A813-4C8744704C19}.Release|Any CPU.ActiveCfg = Release|Any CPU
		{82E933CF-E030-4E77-A813-4C8744704C19}.Release|Any CPU.Build.0 = Release|Any CPU
	EndGlobalSection
	GlobalSection(SolutionProperties) = preSolution
		HideSolutionNode = FALSE
	EndGlobalSection
	GlobalSection(ExtensibilityGlobals) = postSolution
		SolutionGuid = {66B5E523-2321-4F47-BBAD-EC774E4D3309}
	EndGlobalSection
EndGlobal
